
Microsoft Visual Studio Solution File, Format Version 12.00
# Visual Studio Version 16
VisualStudioVersion = 16.0.32413.511
MinimumVisualStudioVersion = 10.0.40219.1
Project("{FAE04EC0-301F-11D3-BF4B-00C04F79EFBC}") = "challengePOO2", "challengePOO2\challengePOO2.csproj", "{AC0F25E8-1A1D-4E14-9D48-01685B374FDE}"
EndProject
Global
	GlobalSection(SolutionConfigurationPlatforms) = preSolution
		Debug|Any CPU = Debug|Any CPU
		Release|Any CPU = Release|Any CPU
	EndGlobalSection
	GlobalSection(ProjectConfigurationPlatforms) = postSolution
		{AC0F25E8-1A1D-4E14-9D48-01685B374FDE}.Debug|Any CPU.ActiveCfg = Debug|Any CPU
		{AC0F25E8-1A1D-4E14-9D48-01685B374FDE}.Debug|Any CPU.Build.0 = Debug|Any CPU
		{AC0F25E8-1A1D-4E14-9D48-01685B374FDE}.Release|Any CPU.ActiveCfg = Release|Any CPU
		{AC0F25E8-1A1D-4E14-9D48-01685B374FDE}.Release|Any CPU.Build.0 = Release|Any CPU
	EndGlobalSection
	GlobalSection(SolutionProperties) = preSolution
		HideSolutionNode = FALSE
	EndGlobalSection
	GlobalSection(ExtensibilityGlobals) = postSolution
		SolutionGuid = {51EA4952-6A09-429A-BE09-4BBED9724DF0}
	EndGlobalSection
EndGlobal
